
Microsoft Visual Studio Solution File, Format Version 12.00
# Visual Studio Version 17
VisualStudioVersion = 17.14.36301.6
MinimumVisualStudioVersion = 10.0.40219.1
Project("{FAE04EC0-301F-11D3-BF4B-00C04F79EFBC}") = "GumGlobalStyles", "GumGlobalStyles\GumGlobalStyles.csproj", "{9B1964A2-F915-4A81-BD22-40428BB3F91A}"
EndProject
Global
	GlobalSection(SolutionConfigurationPlatforms) = preSolution
		Debug|Any CPU = Debug|Any CPU
		Release|Any CPU = Release|Any CPU
	EndGlobalSection
	GlobalSection(ProjectConfigurationPlatforms) = postSolution
		{9B1964A2-F915-4A81-BD22-40428BB3F91A}.Debug|Any CPU.ActiveCfg = Debug|Any CPU
		{9B1964A2-F915-4A81-BD22-40428BB3F91A}.Debug|Any CPU.Build.0 = Debug|Any CPU
		{9B1964A2-F915-4A81-BD22-40428BB3F91A}.Release|Any CPU.ActiveCfg = Release|Any CPU
		{9B1964A2-F915-4A81-BD22-40428BB3F91A}.Release|Any CPU.Build.0 = Release|Any CPU
	EndGlobalSection
	GlobalSection(SolutionProperties) = preSolution
		HideSolutionNode = FALSE
	EndGlobalSection
	GlobalSection(ExtensibilityGlobals) = postSolution
		SolutionGuid = {B922B56F-6001-4C90-9CFB-FE416CBB1BF8}
	EndGlobalSection
EndGlobal
